
Microsoft Visual Studio Solution File, Format Version 12.00
# Visual Studio Version 17
VisualStudioVersion = 17.5.002.0
MinimumVisualStudioVersion = 10.0.40219.1
Project("{9A19103F-16F7-4668-BE54-9A1E7A4F7556}") = "program012a-intervaly", "program012a-intervaly.csproj", "{9229F8A1-9B20-46BB-B6E6-D711A960F0EE}"
EndProject
Global
	GlobalSection(SolutionConfigurationPlatforms) = preSolution
		Debug|Any CPU = Debug|Any CPU
		Release|Any CPU = Release|Any CPU
	EndGlobalSection
	GlobalSection(ProjectConfigurationPlatforms) = postSolution
		{9229F8A1-9B20-46BB-B6E6-D711A960F0EE}.Debug|Any CPU.ActiveCfg = Debug|Any CPU
		{9229F8A1-9B20-46BB-B6E6-D711A960F0EE}.Debug|Any CPU.Build.0 = Debug|Any CPU
		{9229F8A1-9B20-46BB-B6E6-D711A960F0EE}.Release|Any CPU.ActiveCfg = Release|Any CPU
		{9229F8A1-9B20-46BB-B6E6-D711A960F0EE}.Release|Any CPU.Build.0 = Release|Any CPU
	EndGlobalSection
	GlobalSection(SolutionProperties) = preSolution
		HideSolutionNode = FALSE
	EndGlobalSection
	GlobalSection(ExtensibilityGlobals) = postSolution
		SolutionGuid = {137C18EE-F871-4E78-B7C4-815354DDA175}
	EndGlobalSection
EndGlobal
