
Microsoft Visual Studio Solution File, Format Version 12.00
# Visual Studio Version 17
VisualStudioVersion = 17.5.002.0
MinimumVisualStudioVersion = 10.0.40219.1
Project("{9A19103F-16F7-4668-BE54-9A1E7A4F7556}") = "program001-vypis_rady", "program001-vypis_rady.csproj", "{29E7526F-C057-45FA-80BC-FA8FCDCE6171}"
EndProject
Global
	GlobalSection(SolutionConfigurationPlatforms) = preSolution
		Debug|Any CPU = Debug|Any CPU
		Release|Any CPU = Release|Any CPU
	EndGlobalSection
	GlobalSection(ProjectConfigurationPlatforms) = postSolution
		{29E7526F-C057-45FA-80BC-FA8FCDCE6171}.Debug|Any CPU.ActiveCfg = Debug|Any CPU
		{29E7526F-C057-45FA-80BC-FA8FCDCE6171}.Debug|Any CPU.Build.0 = Debug|Any CPU
		{29E7526F-C057-45FA-80BC-FA8FCDCE6171}.Release|Any CPU.ActiveCfg = Release|Any CPU
		{29E7526F-C057-45FA-80BC-FA8FCDCE6171}.Release|Any CPU.Build.0 = Release|Any CPU
	EndGlobalSection
	GlobalSection(SolutionProperties) = preSolution
		HideSolutionNode = FALSE
	EndGlobalSection
	GlobalSection(ExtensibilityGlobals) = postSolution
		SolutionGuid = {BBF7C606-D4F5-4A4E-8648-A9498A9FD0AB}
	EndGlobalSection
EndGlobal
