
Microsoft Visual Studio Solution File, Format Version 12.00
# Visual Studio Version 17
VisualStudioVersion = 17.5.002.0
MinimumVisualStudioVersion = 10.0.40219.1
Project("{9A19103F-16F7-4668-BE54-9A1E7A4F7556}") = "program011a-vypocet-pi", "program011a-vypocet-pi.csproj", "{A0E63E1C-9033-4AE9-9FD0-1A5A1710373E}"
EndProject
Global
	GlobalSection(SolutionConfigurationPlatforms) = preSolution
		Debug|Any CPU = Debug|Any CPU
		Release|Any CPU = Release|Any CPU
	EndGlobalSection
	GlobalSection(ProjectConfigurationPlatforms) = postSolution
		{A0E63E1C-9033-4AE9-9FD0-1A5A1710373E}.Debug|Any CPU.ActiveCfg = Debug|Any CPU
		{A0E63E1C-9033-4AE9-9FD0-1A5A1710373E}.Debug|Any CPU.Build.0 = Debug|Any CPU
		{A0E63E1C-9033-4AE9-9FD0-1A5A1710373E}.Release|Any CPU.ActiveCfg = Release|Any CPU
		{A0E63E1C-9033-4AE9-9FD0-1A5A1710373E}.Release|Any CPU.Build.0 = Release|Any CPU
	EndGlobalSection
	GlobalSection(SolutionProperties) = preSolution
		HideSolutionNode = FALSE
	EndGlobalSection
	GlobalSection(ExtensibilityGlobals) = postSolution
		SolutionGuid = {255E2B68-9DF5-4AC7-9DE8-36B977A38C0E}
	EndGlobalSection
EndGlobal
